// !$*UTF8*$!
{
	archiveVersion = 1;
	classes = {
	};
	objectVersion = 50;
	objects = {

/* Begin PBXBuildFile section */
		591C6DDA217EFE50009F5E44 /* Main.storyboard in Resources */ = {isa = PBXBuildFile; fileRef = 591C6DD8217EFE50009F5E44 /* Main.storyboard */; };
		591C6DDC217EFE52009F5E44 /* Assets.xcassets in Resources */ = {isa = PBXBuildFile; fileRef = 591C6DDB217EFE52009F5E44 /* Assets.xcassets */; };
		591C6DDF217EFE52009F5E44 /* LaunchScreen.storyboard in Resources */ = {isa = PBXBuildFile; fileRef = 591C6DDD217EFE52009F5E44 /* LaunchScreen.storyboard */; };
		591C6DED217F187B009F5E44 /* MealsHeaderTableViewCell.xib in Resources */ = {isa = PBXBuildFile; fileRef = 591C6DEB217F187B009F5E44 /* MealsHeaderTableViewCell.xib */; };
		591C6DF1217F2387009F5E44 /* MealsDetailTableViewCell.xib in Resources */ = {isa = PBXBuildFile; fileRef = 591C6DEF217F2387009F5E44 /* MealsDetailTableViewCell.xib */; };
		591C6DF8217F985D009F5E44 /* DietPlanModal.swift in Sources */ = {isa = PBXBuildFile; fileRef = 591C6DE8217EFF12009F5E44 /* DietPlanModal.swift */; };
		591C6DF9217F985D009F5E44 /* NetworkServiceManager.swift in Sources */ = {isa = PBXBuildFile; fileRef = 591C6DE6217EFEB8009F5E44 /* NetworkServiceManager.swift */; };
		591C6DFA217F985D009F5E44 /* Utils.swift in Sources */ = {isa = PBXBuildFile; fileRef = 591C6DF2217F395B009F5E44 /* Utils.swift */; };
		591C6DFB217F985D009F5E44 /* MealsHeaderTableViewCell.swift in Sources */ = {isa = PBXBuildFile; fileRef = 591C6DEA217F187B009F5E44 /* MealsHeaderTableViewCell.swift */; };
		591C6DFD217F985D009F5E44 /* MealsDetailTableViewCell.swift in Sources */ = {isa = PBXBuildFile; fileRef = 591C6DEE217F2387009F5E44 /* MealsDetailTableViewCell.swift */; };
		591C6DFF217F985D009F5E44 /* HomeViewController.swift in Sources */ = {isa = PBXBuildFile; fileRef = 591C6DD6217EFE50009F5E44 /* HomeViewController.swift */; };
		591C6E00217F985D009F5E44 /* AppDelegate.swift in Sources */ = {isa = PBXBuildFile; fileRef = 591C6DD4217EFE50009F5E44 /* AppDelegate.swift */; };
/* End PBXBuildFile section */

/* Begin PBXFileReference section */
		591C6DD1217EFE50009F5E44 /* Meal Reminder.app */ = {isa = PBXFileReference; explicitFileType = wrapper.application; includeInIndex = 0; path = "Meal Reminder.app"; sourceTree = BUILT_PRODUCTS_DIR; };
		591C6DD4217EFE50009F5E44 /* AppDelegate.swift */ = {isa = PBXFileReference; lastKnownFileType = sourcecode.swift; path = AppDelegate.swift; sourceTree = "<group>"; };
		591C6DD6217EFE50009F5E44 /* HomeViewController.swift */ = {isa = PBXFileReference; lastKnownFileType = sourcecode.swift; path = HomeViewController.swift; sourceTree = "<group>"; };
		591C6DD9217EFE50009F5E44 /* Base */ = {isa = PBXFileReference; lastKnownFileType = file.storyboard; name = Base; path = Base.lproj/Main.storyboard; sourceTree = "<group>"; };
		591C6DDB217EFE52009F5E44 /* Assets.xcassets */ = {isa = PBXFileReference; lastKnownFileType = folder.assetcatalog; path = Assets.xcassets; sourceTree = "<group>"; };
		591C6DDE217EFE52009F5E44 /* Base */ = {isa = PBXFileReference; lastKnownFileType = file.storyboard; name = Base; path = Base.lproj/LaunchScreen.storyboard; sourceTree = "<group>"; };
		591C6DE0217EFE52009F5E44 /* Info.plist */ = {isa = PBXFileReference; lastKnownFileType = text.plist.xml; path = Info.plist; sourceTree = "<group>"; };
		591C6DE6217EFEB8009F5E44 /* NetworkServiceManager.swift */ = {isa = PBXFileReference; lastKnownFileType = sourcecode.swift; path = NetworkServiceManager.swift; sourceTree = "<group>"; };
		591C6DE8217EFF12009F5E44 /* DietPlanModal.swift */ = {isa = PBXFileReference; lastKnownFileType = sourcecode.swift; path = DietPlanModal.swift; sourceTree = "<group>"; };
		591C6DEA217F187B009F5E44 /* MealsHeaderTableViewCell.swift */ = {isa = PBXFileReference; lastKnownFileType = sourcecode.swift; path = MealsHeaderTableViewCell.swift; sourceTree = "<group>"; };
		591C6DEB217F187B009F5E44 /* MealsHeaderTableViewCell.xib */ = {isa = PBXFileReference; lastKnownFileType = file.xib; path = MealsHeaderTableViewCell.xib; sourceTree = "<group>"; };
		591C6DEE217F2387009F5E44 /* MealsDetailTableViewCell.swift */ = {isa = PBXFileReference; lastKnownFileType = sourcecode.swift; path = MealsDetailTableViewCell.swift; sourceTree = "<group>"; };
		591C6DEF217F2387009F5E44 /* MealsDetailTableViewCell.xib */ = {isa = PBXFileReference; lastKnownFileType = file.xib; path = MealsDetailTableViewCell.xib; sourceTree = "<group>"; };
		591C6DF2217F395B009F5E44 /* Utils.swift */ = {isa = PBXFileReference; lastKnownFileType = sourcecode.swift; path = Utils.swift; sourceTree = "<group>"; };
/* End PBXFileReference section */

/* Begin PBXFrameworksBuildPhase section */
		591C6DCE217EFE50009F5E44 /* Frameworks */ = {
			isa = PBXFrameworksBuildPhase;
			buildActionMask = 2147483647;
			files = (
			);
			runOnlyForDeploymentPostprocessing = 0;
		};
/* End PBXFrameworksBuildPhase section */

/* Begin PBXGroup section */
		591C6DC8217EFE50009F5E44 = {
			isa = PBXGroup;
			children = (
				591C6DD3217EFE50009F5E44 /* Meal Reminder */,
				591C6DD2217EFE50009F5E44 /* Products */,
			);
			sourceTree = "<group>";
		};
		591C6DD2217EFE50009F5E44 /* Products */ = {
			isa = PBXGroup;
			children = (
				591C6DD1217EFE50009F5E44 /* Meal Reminder.app */,
			);
			name = Products;
			sourceTree = "<group>";
		};
		591C6DD3217EFE50009F5E44 /* Meal Reminder */ = {
			isa = PBXGroup;
			children = (
				591C6DF7217F979A009F5E44 /* DataModals */,
				591C6DF6217F9785009F5E44 /* Utilities */,
				591C6DF5217F977E009F5E44 /* Xibs */,
				591C6DF4217F9773009F5E44 /* ViewControllers */,
				591C6DD4217EFE50009F5E44 /* AppDelegate.swift */,
				591C6DD8217EFE50009F5E44 /* Main.storyboard */,
				591C6DDB217EFE52009F5E44 /* Assets.xcassets */,
				591C6DDD217EFE52009F5E44 /* LaunchScreen.storyboard */,
				591C6DE0217EFE52009F5E44 /* Info.plist */,
			);
			path = "Meal Reminder";
			sourceTree = "<group>";
		};
		591C6DF4217F9773009F5E44 /* ViewControllers */ = {
			isa = PBXGroup;
			children = (
				591C6DD6217EFE50009F5E44 /* HomeViewController.swift */,
			);
			path = ViewControllers;
			sourceTree = "<group>";
		};
		591C6DF5217F977E009F5E44 /* Xibs */ = {
			isa = PBXGroup;
			children = (
				591C6DEA217F187B009F5E44 /* MealsHeaderTableViewCell.swift */,
				591C6DEB217F187B009F5E44 /* MealsHeaderTableViewCell.xib */,
				591C6DEE217F2387009F5E44 /* MealsDetailTableViewCell.swift */,
				591C6DEF217F2387009F5E44 /* MealsDetailTableViewCell.xib */,
			);
			path = Xibs;
			sourceTree = "<group>";
		};
		591C6DF6217F9785009F5E44 /* Utilities */ = {
			isa = PBXGroup;
			children = (
				591C6DE6217EFEB8009F5E44 /* NetworkServiceManager.swift */,
				591C6DF2217F395B009F5E44 /* Utils.swift */,
			);
			path = Utilities;
			sourceTree = "<group>";
		};
		591C6DF7217F979A009F5E44 /* DataModals */ = {
			isa = PBXGroup;
			children = (
				591C6DE8217EFF12009F5E44 /* DietPlanModal.swift */,
			);
			path = DataModals;
			sourceTree = "<group>";
		};
/* End PBXGroup section */

/* Begin PBXNativeTarget section */
		591C6DD0217EFE50009F5E44 /* Meal Reminder */ = {
			isa = PBXNativeTarget;
			buildConfigurationList = 591C6DE3217EFE52009F5E44 /* Build configuration list for PBXNativeTarget "Meal Reminder" */;
			buildPhases = (
				591C6DCD217EFE50009F5E44 /* Sources */,
				591C6DCE217EFE50009F5E44 /* Frameworks */,
				591C6DCF217EFE50009F5E44 /* Resources */,
			);
			buildRules = (
			);
			dependencies = (
			);
			name = "Meal Reminder";
			productName = "Meal Reminder";
			productReference = 591C6DD1217EFE50009F5E44 /* Meal Reminder.app */;
			productType = "com.apple.product-type.application";
		};
/* End PBXNativeTarget section */

/* Begin PBXProject section */
		591C6DC9217EFE50009F5E44 /* Project object */ = {
			isa = PBXProject;
			attributes = {
				LastSwiftUpdateCheck = 1000;
				LastUpgradeCheck = 1000;
				ORGANIZATIONNAME = NA;
				TargetAttributes = {
					591C6DD0217EFE50009F5E44 = {
						CreatedOnToolsVersion = 10.0;
					};
				};
			};
			buildConfigurationList = 591C6DCC217EFE50009F5E44 /* Build configuration list for PBXProject "Meal Reminder" */;
			compatibilityVersion = "Xcode 9.3";
			developmentRegion = en;
			hasScannedForEncodings = 0;
			knownRegions = (
				en,
				Base,
			);
			mainGroup = 591C6DC8217EFE50009F5E44;
			productRefGroup = 591C6DD2217EFE50009F5E44 /* Products */;
			projectDirPath = "";
			projectRoot = "";
			targets = (
				591C6DD0217EFE50009F5E44 /* Meal Reminder */,
			);
		};
/* End PBXProject section */

/* Begin PBXResourcesBuildPhase section */
		591C6DCF217EFE50009F5E44 /* Resources */ = {
			isa = PBXResourcesBuildPhase;
			buildActionMask = 2147483647;
			files = (
				591C6DDF217EFE52009F5E44 /* LaunchScreen.storyboard in Resources */,
				591C6DED217F187B009F5E44 /* MealsHeaderTableViewCell.xib in Resources */,
				591C6DDC217EFE52009F5E44 /* Assets.xcassets in Resources */,
				591C6DDA217EFE50009F5E44 /* Main.storyboard in Resources */,
				591C6DF1217F2387009F5E44 /* MealsDetailTableViewCell.xib in Resources */,
			);
			runOnlyForDeploymentPostprocessing = 0;
		};
/* End PBXResourcesBuildPhase section */

/* Begin PBXSourcesBuildPhase section */
		591C6DCD217EFE50009F5E44 /* Sources */ = {
			isa = PBXSourcesBuildPhase;
			buildActionMask = 2147483647;
			files = (
				591C6DF8217F985D009F5E44 /* DietPlanModal.swift in Sources */,
				591C6DF9217F985D009F5E44 /* NetworkServiceManager.swift in Sources */,
				591C6DFA217F985D009F5E44 /* Utils.swift in Sources */,
				591C6DFB217F985D009F5E44 /* MealsHeaderTableViewCell.swift in Sources */,
				591C6DFD217F985D009F5E44 /* MealsDetailTableViewCell.swift in Sources */,
				591C6DFF217F985D009F5E44 /* HomeViewController.swift in Sources */,
				591C6E00217F985D009F5E44 /* AppDelegate.swift in Sources */,
			);
			runOnlyForDeploymentPostprocessing = 0;
		};
/* End PBXSourcesBuildPhase section */

/* Begin PBXVariantGroup section */
		591C6DD8217EFE50009F5E44 /* Main.storyboard */ = {
			isa = PBXVariantGroup;
			children = (
				591C6DD9217EFE50009F5E44 /* Base */,
			);
			name = Main.storyboard;
			sourceTree = "<group>";
		};
		591C6DDD217EFE52009F5E44 /* LaunchScreen.storyboard */ = {
			isa = PBXVariantGroup;
			children = (
				591C6DDE217EFE52009F5E44 /* Base */,
			);
			name = LaunchScreen.storyboard;
			sourceTree = "<group>";
		};
/* End PBXVariantGroup section */

/* Begin XCBuildConfiguration section */
		591C6DE1217EFE52009F5E44 /* Debug */ = {
			isa = XCBuildConfiguration;
			buildSettings = {
				ALWAYS_SEARCH_USER_PATHS = NO;
				CLANG_ANALYZER_NONNULL = YES;
				CLANG_ANALYZER_NUMBER_OBJECT_CONVERSION = YES_AGGRESSIVE;
				CLANG_CXX_LANGUAGE_STANDARD = "gnu++14";
				CLANG_CXX_LIBRARY = "libc++";
				CLANG_ENABLE_MODULES = YES;
				CLANG_ENABLE_OBJC_ARC = YES;
				CLANG_ENABLE_OBJC_WEAK = YES;
				CLANG_WARN_BLOCK_CAPTURE_AUTORELEASING = YES;
				CLANG_WARN_BOOL_CONVERSION = YES;
				CLANG_WARN_COMMA = YES;
				CLANG_WARN_CONSTANT_CONVERSION = YES;
				CLANG_WARN_DEPRECATED_OBJC_IMPLEMENTATIONS = YES;
				CLANG_WARN_DIRECT_OBJC_ISA_USAGE = YES_ERROR;
				CLANG_WARN_DOCUMENTATION_COMMENTS = YES;
				CLANG_WARN_EMPTY_BODY = YES;
				CLANG_WARN_ENUM_CONVERSION = YES;
				CLANG_WARN_INFINITE_RECURSION = YES;
				CLANG_WARN_INT_CONVERSION = YES;
				CLANG_WARN_NON_LITERAL_NULL_CONVERSION = YES;
				CLANG_WARN_OBJC_IMPLICIT_RETAIN_SELF = YES;
				CLANG_WARN_OBJC_LITERAL_CONVERSION = YES;
				CLANG_WARN_OBJC_ROOT_CLASS = YES_ERROR;
				CLANG_WARN_RANGE_LOOP_ANALYSIS = YES;
				CLANG_WARN_STRICT_PROTOTYPES = YES;
				CLANG_WARN_SUSPICIOUS_MOVE = YES;
				CLANG_WARN_UNGUARDED_AVAILABILITY = YES_AGGRESSIVE;
				CLANG_WARN_UNREACHABLE_CODE = YES;
				CLANG_WARN__DUPLICATE_METHOD_MATCH = YES;
				CODE_SIGN_IDENTITY = "iPhone Developer";
				COPY_PHASE_STRIP = NO;
				DEBUG_INFORMATION_FORMAT = dwarf;
				ENABLE_STRICT_OBJC_MSGSEND = YES;
				ENABLE_TESTABILITY = YES;
				GCC_C_LANGUAGE_STANDARD = gnu11;
				GCC_DYNAMIC_NO_PIC = NO;
				GCC_NO_COMMON_BLOCKS = YES;
				GCC_OPTIMIZATION_LEVEL = 0;
				GCC_PREPROCESSOR_DEFINITIONS = (
					"DEBUG=1",
					"$(inherited)",
				);
				GCC_WARN_64_TO_32_BIT_CONVERSION = YES;
				GCC_WARN_ABOUT_RETURN_TYPE = YES_ERROR;
				GCC_WARN_UNDECLARED_SELECTOR = YES;
				GCC_WARN_UNINITIALIZED_AUTOS = YES_AGGRESSIVE;
				GCC_WARN_UNUSED_FUNCTION = YES;
				GCC_WARN_UNUSED_VARIABLE = YES;
				IPHONEOS_DEPLOYMENT_TARGET = 12.0;
				MTL_ENABLE_DEBUG_INFO = INCLUDE_SOURCE;
				MTL_FAST_MATH = YES;
				ONLY_ACTIVE_ARCH = YES;
				SDKROOT = iphoneos;
				SWIFT_ACTIVE_COMPILATION_CONDITIONS = DEBUG;
				SWIFT_OPTIMIZATION_LEVEL = "-Onone";
			};
			name = Debug;
		};
		591C6DE2217EFE52009F5E44 /* Release */ = {
			isa = XCBuildConfiguration;
			buildSettings = {
				ALWAYS_SEARCH_USER_PATHS = NO;
				CLANG_ANALYZER_NONNULL = YES;
				CLANG_ANALYZER_NUMBER_OBJECT_CONVERSION = YES_AGGRESSIVE;
				CLANG_CXX_LANGUAGE_STANDARD = "gnu++14";
				CLANG_CXX_LIBRARY = "libc++";
				CLANG_ENABLE_MODULES = YES;
				CLANG_ENABLE_OBJC_ARC = YES;
				CLANG_ENABLE_OBJC_WEAK = YES;
				CLANG_WARN_BLOCK_CAPTURE_AUTORELEASING = YES;
				CLANG_WARN_BOOL_CONVERSION = YES;
				CLANG_WARN_COMMA = YES;
				CLANG_WARN_CONSTANT_CONVERSION = YES;
				CLANG_WARN_DEPRECATED_OBJC_IMPLEMENTATIONS = YES;
				CLANG_WARN_DIRECT_OBJC_ISA_USAGE = YES_ERROR;
				CLANG_WARN_DOCUMENTATION_COMMENTS = YES;
				CLANG_WARN_EMPTY_BODY = YES;
				CLANG_WARN_ENUM_CONVERSION = YES;
				CLANG_WARN_INFINITE_RECURSION = YES;
				CLANG_WARN_INT_CONVERSION = YES;
				CLANG_WARN_NON_LITERAL_NULL_CONVERSION = YES;
				CLANG_WARN_OBJC_IMPLICIT_RETAIN_SELF = YES;
				CLANG_WARN_OBJC_LITERAL_CONVERSION = YES;
				CLANG_WARN_OBJC_ROOT_CLASS = YES_ERROR;
				CLANG_WARN_RANGE_LOOP_ANALYSIS = YES;
				CLANG_WARN_STRICT_PROTOTYPES = YES;
				CLANG_WARN_SUSPICIOUS_MOVE = YES;
				CLANG_WARN_UNGUARDED_AVAILABILITY = YES_AGGRESSIVE;
				CLANG_WARN_UNREACHABLE_CODE = YES;
				CLANG_WARN__DUPLICATE_METHOD_MATCH = YES;
				CODE_SIGN_IDENTITY = "iPhone Developer";
				COPY_PHASE_STRIP = NO;
				DEBUG_INFORMATION_FORMAT = "dwarf-with-dsym";
				ENABLE_NS_ASSERTIONS = NO;
				ENABLE_STRICT_OBJC_MSGSEND = YES;
				GCC_C_LANGUAGE_STANDARD = gnu11;
				GCC_NO_COMMON_BLOCKS = YES;
				GCC_WARN_64_TO_32_BIT_CONVERSION = YES;
				GCC_WARN_ABOUT_RETURN_TYPE = YES_ERROR;
				GCC_WARN_UNDECLARED_SELECTOR = YES;
				GCC_WARN_UNINITIALIZED_AUTOS = YES_AGGRESSIVE;
				GCC_WARN_UNUSED_FUNCTION = YES;
				GCC_WARN_UNUSED_VARIABLE = YES;
				IPHONEOS_DEPLOYMENT_TARGET = 12.0;
				MTL_ENABLE_DEBUG_INFO = NO;
				MTL_FAST_MATH = YES;
				SDKROOT = iphoneos;
				SWIFT_COMPILATION_MODE = wholemodule;
				SWIFT_OPTIMIZATION_LEVEL = "-O";
				VALIDATE_PRODUCT = YES;
			};
			name = Release;
		};
		591C6DE4217EFE52009F5E44 /* Debug */ = {
			isa = XCBuildConfiguration;
			buildSettings = {
				ASSETCATALOG_COMPILER_APPICON_NAME = AppIcon;
				CODE_SIGN_STYLE = Automatic;
				DEVELOPMENT_TEAM = 4ZQDTN553Y;
				INFOPLIST_FILE = "Meal Reminder/Info.plist";
				LD_RUNPATH_SEARCH_PATHS = (
					"$(inherited)",
					"@executable_path/Frameworks",
				);
				PRODUCT_BUNDLE_IDENTIFIER = "com.Karanbir.Meal-Reminder";
				PRODUCT_NAME = "$(TARGET_NAME)";
				SWIFT_VERSION = 4.2;
				TARGETED_DEVICE_FAMILY = "1,2";
			};
			name = Debug;
		};
		591C6DE5217EFE52009F5E44 /* Release */ = {
			isa = XCBuildConfiguration;
			buildSettings = {
				ASSETCATALOG_COMPILER_APPICON_NAME = AppIcon;
				CODE_SIGN_STYLE = Automatic;
				DEVELOPMENT_TEAM = 4ZQDTN553Y;
				INFOPLIST_FILE = "Meal Reminder/Info.plist";
				LD_RUNPATH_SEARCH_PATHS = (
					"$(inherited)",
					"@executable_path/Frameworks",
				);
				PRODUCT_BUNDLE_IDENTIFIER = "com.Karanbir.Meal-Reminder";
				PRODUCT_NAME = "$(TARGET_NAME)";
				SWIFT_VERSION = 4.2;
				TARGETED_DEVICE_FAMILY = "1,2";
			};
			name = Release;
		};
/* End XCBuildConfiguration section */

/* Begin XCConfigurationList section */
		591C6DCC217EFE50009F5E44 /* Build configuration list for PBXProject "Meal Reminder" */ = {
			isa = XCConfigurationList;
			buildConfigurations = (
				591C6DE1217EFE52009F5E44 /* Debug */,
				591C6DE2217EFE52009F5E44 /* Release */,
			);
			defaultConfigurationIsVisible = 0;
			defaultConfigurationName = Release;
		};
		591C6DE3217EFE52009F5E44 /* Build configuration list for PBXNativeTarget "Meal Reminder" */ = {
			isa = XCConfigurationList;
			buildConfigurations = (
				591C6DE4217EFE52009F5E44 /* Debug */,
				591C6DE5217EFE52009F5E44 /* Release */,
			);
			defaultConfigurationIsVisible = 0;
			defaultConfigurationName = Release;
		};
/* End XCConfigurationList section */
	};
	rootObject = 591C6DC9217EFE50009F5E44 /* Project object */;
}
